
Microsoft Visual Studio Solution File, Format Version 12.00
# Visual Studio Version 17
VisualStudioVersion = 17.8.34330.188
MinimumVisualStudioVersion = 10.0.40219.1
Project("{FAE04EC0-301F-11D3-BF4B-00C04F79EFBC}") = "OrdersWebAPI", "OrdersWebAPI\OrdersWebAPI.csproj", "{A2F032C1-CAAB-4406-B598-3838E4976A7C}"
EndProject
Project("{FAE04EC0-301F-11D3-BF4B-00C04F79EFBC}") = "Entities", "Entities\Entities.csproj", "{FAF8BC85-F235-4FBA-A8B4-DC6B4993AEE9}"
EndProject
Global
	GlobalSection(SolutionConfigurationPlatforms) = preSolution
		Debug|Any CPU = Debug|Any CPU
		Release|Any CPU = Release|Any CPU
	EndGlobalSection
	GlobalSection(ProjectConfigurationPlatforms) = postSolution
		{A2F032C1-CAAB-4406-B598-3838E4976A7C}.Debug|Any CPU.ActiveCfg = Debug|Any CPU
		{A2F032C1-CAAB-4406-B598-3838E4976A7C}.Debug|Any CPU.Build.0 = Debug|Any CPU
		{A2F032C1-CAAB-4406-B598-3838E4976A7C}.Release|Any CPU.ActiveCfg = Release|Any CPU
		{A2F032C1-CAAB-4406-B598-3838E4976A7C}.Release|Any CPU.Build.0 = Release|Any CPU
		{FAF8BC85-F235-4FBA-A8B4-DC6B4993AEE9}.Debug|Any CPU.ActiveCfg = Debug|Any CPU
		{FAF8BC85-F235-4FBA-A8B4-DC6B4993AEE9}.Debug|Any CPU.Build.0 = Debug|Any CPU
		{FAF8BC85-F235-4FBA-A8B4-DC6B4993AEE9}.Release|Any CPU.ActiveCfg = Release|Any CPU
		{FAF8BC85-F235-4FBA-A8B4-DC6B4993AEE9}.Release|Any CPU.Build.0 = Release|Any CPU
	EndGlobalSection
	GlobalSection(SolutionProperties) = preSolution
		HideSolutionNode = FALSE
	EndGlobalSection
	GlobalSection(ExtensibilityGlobals) = postSolution
		SolutionGuid = {8B6E5635-7714-4780-8EE0-B47357D92D74}
	EndGlobalSection
EndGlobal
